
Microsoft Visual Studio Solution File, Format Version 12.00
# Visual Studio Version 17
VisualStudioVersion = 17.5.33516.290
MinimumVisualStudioVersion = 10.0.40219.1
Project("{FAE04EC0-301F-11D3-BF4B-00C04F79EFBC}") = "BookstoreAPI", "BookstoreAPI\BookstoreAPI.csproj", "{DD81D6C5-50FB-4474-8752-720DEEB0F925}"
EndProject
Global
	GlobalSection(SolutionConfigurationPlatforms) = preSolution
		Debug|Any CPU = Debug|Any CPU
		Release|Any CPU = Release|Any CPU
	EndGlobalSection
	GlobalSection(ProjectConfigurationPlatforms) = postSolution
		{DD81D6C5-50FB-4474-8752-720DEEB0F925}.Debug|Any CPU.ActiveCfg = Debug|Any CPU
		{DD81D6C5-50FB-4474-8752-720DEEB0F925}.Debug|Any CPU.Build.0 = Debug|Any CPU
		{DD81D6C5-50FB-4474-8752-720DEEB0F925}.Release|Any CPU.ActiveCfg = Release|Any CPU
		{DD81D6C5-50FB-4474-8752-720DEEB0F925}.Release|Any CPU.Build.0 = Release|Any CPU
	EndGlobalSection
	GlobalSection(SolutionProperties) = preSolution
		HideSolutionNode = FALSE
	EndGlobalSection
	GlobalSection(ExtensibilityGlobals) = postSolution
		SolutionGuid = {A328F078-B907-4EB3-BD2C-1CCC9877464D}
	EndGlobalSection
EndGlobal
